
Microsoft Visual Studio Solution File, Format Version 12.00
# Visual Studio Version 16
VisualStudioVersion = 16.0.31129.286
MinimumVisualStudioVersion = 10.0.40219.1
Project("{9A19103F-16F7-4668-BE54-9A1E7A4F7556}") = "ProAgil.WebApi", "ProAgil.WebApi.csproj", "{B8DE037C-0996-4EBE-A197-7345A4F9DE92}"
EndProject
Project("{FAE04EC0-301F-11D3-BF4B-00C04F79EFBC}") = "projeto_dotnetcore_teste", "..\projeto_dotnetcore_teste\projeto_dotnetcore_teste.csproj", "{FC83ADF4-9C1D-4D06-BD76-E6888972CBAC}"
EndProject
Global
	GlobalSection(SolutionConfigurationPlatforms) = preSolution
		Debug|Any CPU = Debug|Any CPU
		Release|Any CPU = Release|Any CPU
	EndGlobalSection
	GlobalSection(ProjectConfigurationPlatforms) = postSolution
		{B8DE037C-0996-4EBE-A197-7345A4F9DE92}.Debug|Any CPU.ActiveCfg = Debug|Any CPU
		{B8DE037C-0996-4EBE-A197-7345A4F9DE92}.Debug|Any CPU.Build.0 = Debug|Any CPU
		{B8DE037C-0996-4EBE-A197-7345A4F9DE92}.Release|Any CPU.ActiveCfg = Release|Any CPU
		{B8DE037C-0996-4EBE-A197-7345A4F9DE92}.Release|Any CPU.Build.0 = Release|Any CPU
		{FC83ADF4-9C1D-4D06-BD76-E6888972CBAC}.Debug|Any CPU.ActiveCfg = Debug|Any CPU
		{FC83ADF4-9C1D-4D06-BD76-E6888972CBAC}.Debug|Any CPU.Build.0 = Debug|Any CPU
		{FC83ADF4-9C1D-4D06-BD76-E6888972CBAC}.Release|Any CPU.ActiveCfg = Release|Any CPU
		{FC83ADF4-9C1D-4D06-BD76-E6888972CBAC}.Release|Any CPU.Build.0 = Release|Any CPU
	EndGlobalSection
	GlobalSection(SolutionProperties) = preSolution
		HideSolutionNode = FALSE
	EndGlobalSection
	GlobalSection(ExtensibilityGlobals) = postSolution
		SolutionGuid = {DD1AE8F9-0A07-4104-B72A-8CA72599182D}
	EndGlobalSection
EndGlobal
